// !$*UTF8*$!
{
	archiveVersion = 1;
	classes = {
	};
	objectVersion = 46;
	objects = {

/* Begin PBXBuildFile section */
		FC46B361171B96F7008C8B50 /* UIKit.framework in Frameworks */ = {isa = PBXBuildFile; fileRef = FC46B360171B96F7008C8B50 /* UIKit.framework */; };
		FC46B363171B96F7008C8B50 /* Foundation.framework in Frameworks */ = {isa = PBXBuildFile; fileRef = FC46B362171B96F7008C8B50 /* Foundation.framework */; };
		FC46B365171B96F7008C8B50 /* CoreGraphics.framework in Frameworks */ = {isa = PBXBuildFile; fileRef = FC46B364171B96F7008C8B50 /* CoreGraphics.framework */; };
		FC46B36B171B96F7008C8B50 /* InfoPlist.strings in Resources */ = {isa = PBXBuildFile; fileRef = FC46B369171B96F7008C8B50 /* InfoPlist.strings */; };
		FC46B36D171B96F7008C8B50 /* main.m in Sources */ = {isa = PBXBuildFile; fileRef = FC46B36C171B96F7008C8B50 /* main.m */; };
		FC46B371171B96F7008C8B50 /* AppDelegate.m in Sources */ = {isa = PBXBuildFile; fileRef = FC46B370171B96F7008C8B50 /* AppDelegate.m */; };
		FC46B373171B96F7008C8B50 /* Default.png in Resources */ = {isa = PBXBuildFile; fileRef = FC46B372171B96F7008C8B50 /* Default.png */; };
		FC46B375171B96F7008C8B50 /* Default@2x.png in Resources */ = {isa = PBXBuildFile; fileRef = FC46B374171B96F7008C8B50 /* Default@2x.png */; };
		FC46B377171B96F7008C8B50 /* Default-568h@2x.png in Resources */ = {isa = PBXBuildFile; fileRef = FC46B376171B96F7008C8B50 /* Default-568h@2x.png */; };
		FC46B37A171B96F7008C8B50 /* MainStoryboard.storyboard in Resources */ = {isa = PBXBuildFile; fileRef = FC46B378171B96F7008C8B50 /* MainStoryboard.storyboard */; };
		FC46B37D171B96F7008C8B50 /* ViewController.m in Sources */ = {isa = PBXBuildFile; fileRef = FC46B37C171B96F7008C8B50 /* ViewController.m */; };
		FC46B385171B96F7008C8B50 /* SenTestingKit.framework in Frameworks */ = {isa = PBXBuildFile; fileRef = FC46B384171B96F7008C8B50 /* SenTestingKit.framework */; };
		FC46B386171B96F7008C8B50 /* UIKit.framework in Frameworks */ = {isa = PBXBuildFile; fileRef = FC46B360171B96F7008C8B50 /* UIKit.framework */; };
		FC46B387171B96F7008C8B50 /* Foundation.framework in Frameworks */ = {isa = PBXBuildFile; fileRef = FC46B362171B96F7008C8B50 /* Foundation.framework */; };
		FC46B38F171B96F7008C8B50 /* InfoPlist.strings in Resources */ = {isa = PBXBuildFile; fileRef = FC46B38D171B96F7008C8B50 /* InfoPlist.strings */; };
		FC46B392171B96F7008C8B50 /* FastTweetTests.m in Sources */ = {isa = PBXBuildFile; fileRef = FC46B391171B96F7008C8B50 /* FastTweetTests.m */; };
/* End PBXBuildFile section */

/* Begin PBXContainerItemProxy section */
		FC46B388171B96F7008C8B50 /* PBXContainerItemProxy */ = {
			isa = PBXContainerItemProxy;
			containerPortal = FC46B355171B96F7008C8B50 /* Project object */;
			proxyType = 1;
			remoteGlobalIDString = FC46B35C171B96F7008C8B50;
			remoteInfo = FastTweet;
		};
/* End PBXContainerItemProxy section */

/* Begin PBXFileReference section */
		FC46B35D171B96F7008C8B50 /* FastTweet.app */ = {isa = PBXFileReference; explicitFileType = wrapper.application; includeInIndex = 0; path = FastTweet.app; sourceTree = BUILT_PRODUCTS_DIR; };
		FC46B360171B96F7008C8B50 /* UIKit.framework */ = {isa = PBXFileReference; lastKnownFileType = wrapper.framework; name = UIKit.framework; path = System/Library/Frameworks/UIKit.framework; sourceTree = SDKROOT; };
		FC46B362171B96F7008C8B50 /* Foundation.framework */ = {isa = PBXFileReference; lastKnownFileType = wrapper.framework; name = Foundation.framework; path = System/Library/Frameworks/Foundation.framework; sourceTree = SDKROOT; };
		FC46B364171B96F7008C8B50 /* CoreGraphics.framework */ = {isa = PBXFileReference; lastKnownFileType = wrapper.framework; name = CoreGraphics.framework; path = System/Library/Frameworks/CoreGraphics.framework; sourceTree = SDKROOT; };
		FC46B368171B96F7008C8B50 /* FastTweet-Info.plist */ = {isa = PBXFileReference; lastKnownFileType = text.plist.xml; path = "FastTweet-Info.plist"; sourceTree = "<group>"; };
		FC46B36A171B96F7008C8B50 /* en */ = {isa = PBXFileReference; lastKnownFileType = text.plist.strings; name = en; path = en.lproj/InfoPlist.strings; sourceTree = "<group>"; };
		FC46B36C171B96F7008C8B50 /* main.m */ = {isa = PBXFileReference; lastKnownFileType = sourcecode.c.objc; path = main.m; sourceTree = "<group>"; };
		FC46B36E171B96F7008C8B50 /* FastTweet-Prefix.pch */ = {isa = PBXFileReference; lastKnownFileType = sourcecode.c.h; path = "FastTweet-Prefix.pch"; sourceTree = "<group>"; };
		FC46B36F171B96F7008C8B50 /* AppDelegate.h */ = {isa = PBXFileReference; lastKnownFileType = sourcecode.c.h; path = AppDelegate.h; sourceTree = "<group>"; };
		FC46B370171B96F7008C8B50 /* AppDelegate.m */ = {isa = PBXFileReference; lastKnownFileType = sourcecode.c.objc; path = AppDelegate.m; sourceTree = "<group>"; };
		FC46B372171B96F7008C8B50 /* Default.png */ = {isa = PBXFileReference; lastKnownFileType = image.png; path = Default.png; sourceTree = "<group>"; };
		FC46B374171B96F7008C8B50 /* Default@2x.png */ = {isa = PBXFileReference; lastKnownFileType = image.png; path = "Default@2x.png"; sourceTree = "<group>"; };
		FC46B376171B96F7008C8B50 /* Default-568h@2x.png */ = {isa = PBXFileReference; lastKnownFileType = image.png; path = "Default-568h@2x.png"; sourceTree = "<group>"; };
		FC46B379171B96F7008C8B50 /* en */ = {isa = PBXFileReference; lastKnownFileType = file.storyboard; name = en; path = en.lproj/MainStoryboard.storyboard; sourceTree = "<group>"; };
		FC46B37B171B96F7008C8B50 /* ViewController.h */ = {isa = PBXFileReference; lastKnownFileType = sourcecode.c.h; path = ViewController.h; sourceTree = "<group>"; };
		FC46B37C171B96F7008C8B50 /* ViewController.m */ = {isa = PBXFileReference; lastKnownFileType = sourcecode.c.objc; path = ViewController.m; sourceTree = "<group>"; };
		FC46B383171B96F7008C8B50 /* FastTweetTests.octest */ = {isa = PBXFileReference; explicitFileType = wrapper.cfbundle; includeInIndex = 0; path = FastTweetTests.octest; sourceTree = BUILT_PRODUCTS_DIR; };
		FC46B384171B96F7008C8B50 /* SenTestingKit.framework */ = {isa = PBXFileReference; lastKnownFileType = wrapper.framework; name = SenTestingKit.framework; path = Library/Frameworks/SenTestingKit.framework; sourceTree = DEVELOPER_DIR; };
		FC46B38C171B96F7008C8B50 /* FastTweetTests-Info.plist */ = {isa = PBXFileReference; lastKnownFileType = text.plist.xml; path = "FastTweetTests-Info.plist"; sourceTree = "<group>"; };
		FC46B38E171B96F7008C8B50 /* en */ = {isa = PBXFileReference; lastKnownFileType = text.plist.strings; name = en; path = en.lproj/InfoPlist.strings; sourceTree = "<group>"; };
		FC46B390171B96F7008C8B50 /* FastTweetTests.h */ = {isa = PBXFileReference; lastKnownFileType = sourcecode.c.h; path = FastTweetTests.h; sourceTree = "<group>"; };
		FC46B391171B96F7008C8B50 /* FastTweetTests.m */ = {isa = PBXFileReference; lastKnownFileType = sourcecode.c.objc; path = FastTweetTests.m; sourceTree = "<group>"; };
/* End PBXFileReference section */

/* Begin PBXFrameworksBuildPhase section */
		FC46B35A171B96F7008C8B50 /* Frameworks */ = {
			isa = PBXFrameworksBuildPhase;
			buildActionMask = 2147483647;
			files = (
				FC46B361171B96F7008C8B50 /* UIKit.framework in Frameworks */,
				FC46B363171B96F7008C8B50 /* Foundation.framework in Frameworks */,
				FC46B365171B96F7008C8B50 /* CoreGraphics.framework in Frameworks */,
			);
			runOnlyForDeploymentPostprocessing = 0;
		};
		FC46B37F171B96F7008C8B50 /* Frameworks */ = {
			isa = PBXFrameworksBuildPhase;
			buildActionMask = 2147483647;
			files = (
				FC46B385171B96F7008C8B50 /* SenTestingKit.framework in Frameworks */,
				FC46B386171B96F7008C8B50 /* UIKit.framework in Frameworks */,
				FC46B387171B96F7008C8B50 /* Foundation.framework in Frameworks */,
			);
			runOnlyForDeploymentPostprocessing = 0;
		};
/* End PBXFrameworksBuildPhase section */

/* Begin PBXGroup section */
		FC46B354171B96F7008C8B50 = {
			isa = PBXGroup;
			children = (
				FC46B366171B96F7008C8B50 /* FastTweet */,
				FC46B38A171B96F7008C8B50 /* FastTweetTests */,
				FC46B35F171B96F7008C8B50 /* Frameworks */,
				FC46B35E171B96F7008C8B50 /* Products */,
			);
			sourceTree = "<group>";
		};
		FC46B35E171B96F7008C8B50 /* Products */ = {
			isa = PBXGroup;
			children = (
				FC46B35D171B96F7008C8B50 /* FastTweet.app */,
				FC46B383171B96F7008C8B50 /* FastTweetTests.octest */,
			);
			name = Products;
			sourceTree = "<group>";
		};
		FC46B35F171B96F7008C8B50 /* Frameworks */ = {
			isa = PBXGroup;
			children = (
				FC46B360171B96F7008C8B50 /* UIKit.framework */,
				FC46B362171B96F7008C8B50 /* Foundation.framework */,
				FC46B364171B96F7008C8B50 /* CoreGraphics.framework */,
				FC46B384171B96F7008C8B50 /* SenTestingKit.framework */,
			);
			name = Frameworks;
			sourceTree = "<group>";
		};
		FC46B366171B96F7008C8B50 /* FastTweet */ = {
			isa = PBXGroup;
			children = (
				FC46B36F171B96F7008C8B50 /* AppDelegate.h */,
				FC46B370171B96F7008C8B50 /* AppDelegate.m */,
				FC46B378171B96F7008C8B50 /* MainStoryboard.storyboard */,
				FC46B37B171B96F7008C8B50 /* ViewController.h */,
				FC46B37C171B96F7008C8B50 /* ViewController.m */,
				FC46B367171B96F7008C8B50 /* Supporting Files */,
			);
			path = FastTweet;
			sourceTree = "<group>";
		};
		FC46B367171B96F7008C8B50 /* Supporting Files */ = {
			isa = PBXGroup;
			children = (
				FC46B368171B96F7008C8B50 /* FastTweet-Info.plist */,
				FC46B369171B96F7008C8B50 /* InfoPlist.strings */,
				FC46B36C171B96F7008C8B50 /* main.m */,
				FC46B36E171B96F7008C8B50 /* FastTweet-Prefix.pch */,
				FC46B372171B96F7008C8B50 /* Default.png */,
				FC46B374171B96F7008C8B50 /* Default@2x.png */,
				FC46B376171B96F7008C8B50 /* Default-568h@2x.png */,
			);
			name = "Supporting Files";
			sourceTree = "<group>";
		};
		FC46B38A171B96F7008C8B50 /* FastTweetTests */ = {
			isa = PBXGroup;
			children = (
				FC46B390171B96F7008C8B50 /* FastTweetTests.h */,
				FC46B391171B96F7008C8B50 /* FastTweetTests.m */,
				FC46B38B171B96F7008C8B50 /* Supporting Files */,
			);
			path = FastTweetTests;
			sourceTree = "<group>";
		};
		FC46B38B171B96F7008C8B50 /* Supporting Files */ = {
			isa = PBXGroup;
			children = (
				FC46B38C171B96F7008C8B50 /* FastTweetTests-Info.plist */,
				FC46B38D171B96F7008C8B50 /* InfoPlist.strings */,
			);
			name = "Supporting Files";
			sourceTree = "<group>";
		};
/* End PBXGroup section */

/* Begin PBXNativeTarget section */
		FC46B35C171B96F7008C8B50 /* FastTweet */ = {
			isa = PBXNativeTarget;
			buildConfigurationList = FC46B395171B96F7008C8B50 /* Build configuration list for PBXNativeTarget "FastTweet" */;
			buildPhases = (
				FC46B359171B96F7008C8B50 /* Sources */,
				FC46B35A171B96F7008C8B50 /* Frameworks */,
				FC46B35B171B96F7008C8B50 /* Resources */,
			);
			buildRules = (
			);
			dependencies = (
			);
			name = FastTweet;
			productName = FastTweet;
			productReference = FC46B35D171B96F7008C8B50 /* FastTweet.app */;
			productType = "com.apple.product-type.application";
		};
		FC46B382171B96F7008C8B50 /* FastTweetTests */ = {
			isa = PBXNativeTarget;
			buildConfigurationList = FC46B398171B96F7008C8B50 /* Build configuration list for PBXNativeTarget "FastTweetTests" */;
			buildPhases = (
				FC46B37E171B96F7008C8B50 /* Sources */,
				FC46B37F171B96F7008C8B50 /* Frameworks */,
				FC46B380171B96F7008C8B50 /* Resources */,
				FC46B381171B96F7008C8B50 /* ShellScript */,
			);
			buildRules = (
			);
			dependencies = (
				FC46B389171B96F7008C8B50 /* PBXTargetDependency */,
			);
			name = FastTweetTests;
			productName = FastTweetTests;
			productReference = FC46B383171B96F7008C8B50 /* FastTweetTests.octest */;
			productType = "com.apple.product-type.bundle";
		};
/* End PBXNativeTarget section */

/* Begin PBXProject section */
		FC46B355171B96F7008C8B50 /* Project object */ = {
			isa = PBXProject;
			attributes = {
				LastUpgradeCheck = 0460;
				ORGANIZATIONNAME = OneHeadedLlama;
			};
			buildConfigurationList = FC46B358171B96F7008C8B50 /* Build configuration list for PBXProject "FastTweet" */;
			compatibilityVersion = "Xcode 3.2";
			developmentRegion = English;
			hasScannedForEncodings = 0;
			knownRegions = (
				en,
			);
			mainGroup = FC46B354171B96F7008C8B50;
			productRefGroup = FC46B35E171B96F7008C8B50 /* Products */;
			projectDirPath = "";
			projectRoot = "";
			targets = (
				FC46B35C171B96F7008C8B50 /* FastTweet */,
				FC46B382171B96F7008C8B50 /* FastTweetTests */,
			);
		};
/* End PBXProject section */

/* Begin PBXResourcesBuildPhase section */
		FC46B35B171B96F7008C8B50 /* Resources */ = {
			isa = PBXResourcesBuildPhase;
			buildActionMask = 2147483647;
			files = (
				FC46B36B171B96F7008C8B50 /* InfoPlist.strings in Resources */,
				FC46B373171B96F7008C8B50 /* Default.png in Resources */,
				FC46B375171B96F7008C8B50 /* Default@2x.png in Resources */,
				FC46B377171B96F7008C8B50 /* Default-568h@2x.png in Resources */,
				FC46B37A171B96F7008C8B50 /* MainStoryboard.storyboard in Resources */,
			);
			runOnlyForDeploymentPostprocessing = 0;
		};
		FC46B380171B96F7008C8B50 /* Resources */ = {
			isa = PBXResourcesBuildPhase;
			buildActionMask = 2147483647;
			files = (
				FC46B38F171B96F7008C8B50 /* InfoPlist.strings in Resources */,
			);
			runOnlyForDeploymentPostprocessing = 0;
		};
/* End PBXResourcesBuildPhase section */

/* Begin PBXShellScriptBuildPhase section */
		FC46B381171B96F7008C8B50 /* ShellScript */ = {
			isa = PBXShellScriptBuildPhase;
			buildActionMask = 2147483647;
			files = (
			);
			inputPaths = (
			);
			outputPaths = (
			);
			runOnlyForDeploymentPostprocessing = 0;
			shellPath = /bin/sh;
			shellScript = "# Run the unit tests in this test bundle.\n\"${SYSTEM_DEVELOPER_DIR}/Tools/RunUnitTests\"\n";
		};
/* End PBXShellScriptBuildPhase section */

/* Begin PBXSourcesBuildPhase section */
		FC46B359171B96F7008C8B50 /* Sources */ = {
			isa = PBXSourcesBuildPhase;
			buildActionMask = 2147483647;
			files = (
				FC46B36D171B96F7008C8B50 /* main.m in Sources */,
				FC46B371171B96F7008C8B50 /* AppDelegate.m in Sources */,
				FC46B37D171B96F7008C8B50 /* ViewController.m in Sources */,
			);
			runOnlyForDeploymentPostprocessing = 0;
		};
		FC46B37E171B96F7008C8B50 /* Sources */ = {
			isa = PBXSourcesBuildPhase;
			buildActionMask = 2147483647;
			files = (
				FC46B392171B96F7008C8B50 /* FastTweetTests.m in Sources */,
			);
			runOnlyForDeploymentPostprocessing = 0;
		};
/* End PBXSourcesBuildPhase section */

/* Begin PBXTargetDependency section */
		FC46B389171B96F7008C8B50 /* PBXTargetDependency */ = {
			isa = PBXTargetDependency;
			target = FC46B35C171B96F7008C8B50 /* FastTweet */;
			targetProxy = FC46B388171B96F7008C8B50 /* PBXContainerItemProxy */;
		};
/* End PBXTargetDependency section */

/* Begin PBXVariantGroup section */
		FC46B369171B96F7008C8B50 /* InfoPlist.strings */ = {
			isa = PBXVariantGroup;
			children = (
				FC46B36A171B96F7008C8B50 /* en */,
			);
			name = InfoPlist.strings;
			sourceTree = "<group>";
		};
		FC46B378171B96F7008C8B50 /* MainStoryboard.storyboard */ = {
			isa = PBXVariantGroup;
			children = (
				FC46B379171B96F7008C8B50 /* en */,
			);
			name = MainStoryboard.storyboard;
			sourceTree = "<group>";
		};
		FC46B38D171B96F7008C8B50 /* InfoPlist.strings */ = {
			isa = PBXVariantGroup;
			children = (
				FC46B38E171B96F7008C8B50 /* en */,
			);
			name = InfoPlist.strings;
			sourceTree = "<group>";
		};
/* End PBXVariantGroup section */

/* Begin XCBuildConfiguration section */
		FC46B393171B96F7008C8B50 /* Debug */ = {
			isa = XCBuildConfiguration;
			buildSettings = {
				ALWAYS_SEARCH_USER_PATHS = NO;
				CLANG_CXX_LANGUAGE_STANDARD = "gnu++0x";
				CLANG_CXX_LIBRARY = "libc++";
				CLANG_ENABLE_OBJC_ARC = YES;
				CLANG_WARN_CONSTANT_CONVERSION = YES;
				CLANG_WARN_EMPTY_BODY = YES;
				CLANG_WARN_ENUM_CONVERSION = YES;
				CLANG_WARN_INT_CONVERSION = YES;
				CLANG_WARN__DUPLICATE_METHOD_MATCH = YES;
				"CODE_SIGN_IDENTITY[sdk=iphoneos*]" = "iPhone Developer";
				COPY_PHASE_STRIP = NO;
				GCC_C_LANGUAGE_STANDARD = gnu99;
				GCC_DYNAMIC_NO_PIC = NO;
				GCC_OPTIMIZATION_LEVEL = 0;
				GCC_PREPROCESSOR_DEFINITIONS = (
					"DEBUG=1",
					"$(inherited)",
				);
				GCC_SYMBOLS_PRIVATE_EXTERN = NO;
				GCC_WARN_ABOUT_RETURN_TYPE = YES;
				GCC_WARN_UNINITIALIZED_AUTOS = YES;
				GCC_WARN_UNUSED_VARIABLE = YES;
				IPHONEOS_DEPLOYMENT_TARGET = 6.1;
				ONLY_ACTIVE_ARCH = YES;
				SDKROOT = iphoneos;
			};
			name = Debug;
		};
		FC46B394171B96F7008C8B50 /* Release */ = {
			isa = XCBuildConfiguration;
			buildSettings = {
				ALWAYS_SEARCH_USER_PATHS = NO;
				CLANG_CXX_LANGUAGE_STANDARD = "gnu++0x";
				CLANG_CXX_LIBRARY = "libc++";
				CLANG_ENABLE_OBJC_ARC = YES;
				CLANG_WARN_CONSTANT_CONVERSION = YES;
				CLANG_WARN_EMPTY_BODY = YES;
				CLANG_WARN_ENUM_CONVERSION = YES;
				CLANG_WARN_INT_CONVERSION = YES;
				CLANG_WARN__DUPLICATE_METHOD_MATCH = YES;
				"CODE_SIGN_IDENTITY[sdk=iphoneos*]" = "iPhone Developer";
				COPY_PHASE_STRIP = YES;
				GCC_C_LANGUAGE_STANDARD = gnu99;
				GCC_WARN_ABOUT_RETURN_TYPE = YES;
				GCC_WARN_UNINITIALIZED_AUTOS = YES;
				GCC_WARN_UNUSED_VARIABLE = YES;
				IPHONEOS_DEPLOYMENT_TARGET = 6.1;
				OTHER_CFLAGS = "-DNS_BLOCK_ASSERTIONS=1";
				SDKROOT = iphoneos;
				VALIDATE_PRODUCT = YES;
			};
			name = Release;
		};
		FC46B396171B96F7008C8B50 /* Debug */ = {
			isa = XCBuildConfiguration;
			buildSettings = {
				GCC_PRECOMPILE_PREFIX_HEADER = YES;
				GCC_PREFIX_HEADER = "FastTweet/FastTweet-Prefix.pch";
				INFOPLIST_FILE = "FastTweet/FastTweet-Info.plist";
				PRODUCT_NAME = "$(TARGET_NAME)";
				WRAPPER_EXTENSION = app;
			};
			name = Debug;
		};
		FC46B397171B96F7008C8B50 /* Release */ = {
			isa = XCBuildConfiguration;
			buildSettings = {
				GCC_PRECOMPILE_PREFIX_HEADER = YES;
				GCC_PREFIX_HEADER = "FastTweet/FastTweet-Prefix.pch";
				INFOPLIST_FILE = "FastTweet/FastTweet-Info.plist";
				PRODUCT_NAME = "$(TARGET_NAME)";
				WRAPPER_EXTENSION = app;
			};
			name = Release;
		};
		FC46B399171B96F7008C8B50 /* Debug */ = {
			isa = XCBuildConfiguration;
			buildSettings = {
				BUNDLE_LOADER = "$(BUILT_PRODUCTS_DIR)/FastTweet.app/FastTweet";
				FRAMEWORK_SEARCH_PATHS = (
					"\"$(SDKROOT)/Developer/Library/Frameworks\"",
					"\"$(DEVELOPER_LIBRARY_DIR)/Frameworks\"",
				);
				GCC_PRECOMPILE_PREFIX_HEADER = YES;
				GCC_PREFIX_HEADER = "FastTweet/FastTweet-Prefix.pch";
				INFOPLIST_FILE = "FastTweetTests/FastTweetTests-Info.plist";
				PRODUCT_NAME = "$(TARGET_NAME)";
				TEST_HOST = "$(BUNDLE_LOADER)";
				WRAPPER_EXTENSION = octest;
			};
			name = Debug;
		};
		FC46B39A171B96F7008C8B50 /* Release */ = {
			isa = XCBuildConfiguration;
			buildSettings = {
				BUNDLE_LOADER = "$(BUILT_PRODUCTS_DIR)/FastTweet.app/FastTweet";
				FRAMEWORK_SEARCH_PATHS = (
					"\"$(SDKROOT)/Developer/Library/Frameworks\"",
					"\"$(DEVELOPER_LIBRARY_DIR)/Frameworks\"",
				);
				GCC_PRECOMPILE_PREFIX_HEADER = YES;
				GCC_PREFIX_HEADER = "FastTweet/FastTweet-Prefix.pch";
				INFOPLIST_FILE = "FastTweetTests/FastTweetTests-Info.plist";
				PRODUCT_NAME = "$(TARGET_NAME)";
				TEST_HOST = "$(BUNDLE_LOADER)";
				WRAPPER_EXTENSION = octest;
			};
			name = Release;
		};
/* End XCBuildConfiguration section */

/* Begin XCConfigurationList section */
		FC46B358171B96F7008C8B50 /* Build configuration list for PBXProject "FastTweet" */ = {
			isa = XCConfigurationList;
			buildConfigurations = (
				FC46B393171B96F7008C8B50 /* Debug */,
				FC46B394171B96F7008C8B50 /* Release */,
			);
			defaultConfigurationIsVisible = 0;
			defaultConfigurationName = Release;
		};
		FC46B395171B96F7008C8B50 /* Build configuration list for PBXNativeTarget "FastTweet" */ = {
			isa = XCConfigurationList;
			buildConfigurations = (
				FC46B396171B96F7008C8B50 /* Debug */,
				FC46B397171B96F7008C8B50 /* Release */,
			);
			defaultConfigurationIsVisible = 0;
		};
		FC46B398171B96F7008C8B50 /* Build configuration list for PBXNativeTarget "FastTweetTests" */ = {
			isa = XCConfigurationList;
			buildConfigurations = (
				FC46B399171B96F7008C8B50 /* Debug */,
				FC46B39A171B96F7008C8B50 /* Release */,
			);
			defaultConfigurationIsVisible = 0;
		};
/* End XCConfigurationList section */
	};
	rootObject = FC46B355171B96F7008C8B50 /* Project object */;
}
